
Microsoft Visual Studio Solution File, Format Version 12.00
# Visual Studio Version 16
VisualStudioVersion = 16.0.31702.278
MinimumVisualStudioVersion = 10.0.40219.1
Project("{9A19103F-16F7-4668-BE54-9A1E7A4F7556}") = "PacketData", "PacketData\PacketData.csproj", "{4A49FF9C-846C-42A4-9CE3-2A57C6D2D86C}"
EndProject
Project("{9A19103F-16F7-4668-BE54-9A1E7A4F7556}") = "Server", "Server\Server.csproj", "{B2AA2E66-4CC9-4043-BB4C-F8B3698F85D3}"
EndProject
Project("{9A19103F-16F7-4668-BE54-9A1E7A4F7556}") = "Client", "Client\Client.csproj", "{3293A276-8D35-412F-B43C-8881A0183C24}"
EndProject
Project("{FAE04EC0-301F-11D3-BF4B-00C04F79EFBC}") = "unit-test", "unit-test\unit-test.csproj", "{C45570F2-4E5B-45A7-A04A-7A2C621D1A6A}"
EndProject
Global
	GlobalSection(SolutionConfigurationPlatforms) = preSolution
		Debug|Any CPU = Debug|Any CPU
		Release|Any CPU = Release|Any CPU
	EndGlobalSection
	GlobalSection(ProjectConfigurationPlatforms) = postSolution
		{4A49FF9C-846C-42A4-9CE3-2A57C6D2D86C}.Debug|Any CPU.ActiveCfg = Debug|Any CPU
		{4A49FF9C-846C-42A4-9CE3-2A57C6D2D86C}.Debug|Any CPU.Build.0 = Debug|Any CPU
		{4A49FF9C-846C-42A4-9CE3-2A57C6D2D86C}.Release|Any CPU.ActiveCfg = Release|Any CPU
		{4A49FF9C-846C-42A4-9CE3-2A57C6D2D86C}.Release|Any CPU.Build.0 = Release|Any CPU
		{B2AA2E66-4CC9-4043-BB4C-F8B3698F85D3}.Debug|Any CPU.ActiveCfg = Debug|Any CPU
		{B2AA2E66-4CC9-4043-BB4C-F8B3698F85D3}.Debug|Any CPU.Build.0 = Debug|Any CPU
		{B2AA2E66-4CC9-4043-BB4C-F8B3698F85D3}.Release|Any CPU.ActiveCfg = Release|Any CPU
		{B2AA2E66-4CC9-4043-BB4C-F8B3698F85D3}.Release|Any CPU.Build.0 = Release|Any CPU
		{3293A276-8D35-412F-B43C-8881A0183C24}.Debug|Any CPU.ActiveCfg = Debug|Any CPU
		{3293A276-8D35-412F-B43C-8881A0183C24}.Debug|Any CPU.Build.0 = Debug|Any CPU
		{3293A276-8D35-412F-B43C-8881A0183C24}.Release|Any CPU.ActiveCfg = Release|Any CPU
		{3293A276-8D35-412F-B43C-8881A0183C24}.Release|Any CPU.Build.0 = Release|Any CPU
		{C45570F2-4E5B-45A7-A04A-7A2C621D1A6A}.Debug|Any CPU.ActiveCfg = Debug|Any CPU
		{C45570F2-4E5B-45A7-A04A-7A2C621D1A6A}.Debug|Any CPU.Build.0 = Debug|Any CPU
		{C45570F2-4E5B-45A7-A04A-7A2C621D1A6A}.Release|Any CPU.ActiveCfg = Release|Any CPU
		{C45570F2-4E5B-45A7-A04A-7A2C621D1A6A}.Release|Any CPU.Build.0 = Release|Any CPU
	EndGlobalSection
	GlobalSection(SolutionProperties) = preSolution
		HideSolutionNode = FALSE
	EndGlobalSection
	GlobalSection(ExtensibilityGlobals) = postSolution
		SolutionGuid = {E0BB9949-EEC0-4426-96AE-AA7AB382AAFC}
	EndGlobalSection
EndGlobal
